// !$*UTF8*$!
{
	archiveVersion = 1;
	classes = {
	};
	objectVersion = 55;
	objects = {

/* Begin PBXBuildFile section */
		062552D527F4711A00A83C00 /* FieldSelectorSheetViewController.swift in Sources */ = {isa = PBXBuildFile; fileRef = 062552D427F4711A00A83C00 /* FieldSelectorSheetViewController.swift */; };
		0630097127E0A9EB0044A688 /* .swiftlint.yml in Resources */ = {isa = PBXBuildFile; fileRef = 0630097027E0A9EB0044A688 /* .swiftlint.yml */; };
		064B8D6927DE7F9400AE4DD5 /* SimpleSavings.swift in Sources */ = {isa = PBXBuildFile; fileRef = 064B8D6827DE7F9400AE4DD5 /* SimpleSavings.swift */; };
		068379FF27D9FD210012D45A /* UIViewController+Extensions.swift in Sources */ = {isa = PBXBuildFile; fileRef = 068379FE27D9FD210012D45A /* UIViewController+Extensions.swift */; };
		06837A0227DA2D820012D45A /* Payable.swift in Sources */ = {isa = PBXBuildFile; fileRef = 06837A0127DA2D820012D45A /* Payable.swift */; };
		06837A0627DA31660012D45A /* Savings.swift in Sources */ = {isa = PBXBuildFile; fileRef = 06837A0527DA31650012D45A /* Savings.swift */; };
		06837A0827DA32350012D45A /* CompoundSavings.swift in Sources */ = {isa = PBXBuildFile; fileRef = 06837A0727DA32350012D45A /* CompoundSavings.swift */; };
		068CC57D27F1804300C6D9B7 /* UserDefaults+Extensions.swift in Sources */ = {isa = PBXBuildFile; fileRef = 068CC57C27F1804300C6D9B7 /* UserDefaults+Extensions.swift */; };
		069171AD27D78CA70071ECE3 /* SavingsViewController.swift in Sources */ = {isa = PBXBuildFile; fileRef = 069171AC27D78CA70071ECE3 /* SavingsViewController.swift */; };
		069171AF27D78CF20071ECE3 /* CompoundInterestViewController.swift in Sources */ = {isa = PBXBuildFile; fileRef = 069171AE27D78CF20071ECE3 /* CompoundInterestViewController.swift */; };
		06BA20FD27EC25EC004EAE19 /* SimpleSavingsViewModel.swift in Sources */ = {isa = PBXBuildFile; fileRef = 06BA20FC27EC25EC004EAE19 /* SimpleSavingsViewModel.swift */; };
		06BA20FF27EC3C23004EAE19 /* ValidationResult.swift in Sources */ = {isa = PBXBuildFile; fileRef = 06BA20FE27EC3C23004EAE19 /* ValidationResult.swift */; };
		06E0449C27DAFEF7007CBA8C /* Double+Extensions.swift in Sources */ = {isa = PBXBuildFile; fileRef = 06E0449B27DAFEF7007CBA8C /* Double+Extensions.swift */; };
		06E0449E27DB0235007CBA8C /* Decimal+Extensions.swift in Sources */ = {isa = PBXBuildFile; fileRef = 06E0449D27DB0235007CBA8C /* Decimal+Extensions.swift */; };
		06E044A027DB412C007CBA8C /* UITextField+Extensions.swift in Sources */ = {isa = PBXBuildFile; fileRef = 06E0449F27DB412C007CBA8C /* UITextField+Extensions.swift */; };
		06FC9CC527D4780A0083266B /* AppDelegate.swift in Sources */ = {isa = PBXBuildFile; fileRef = 06FC9CC427D4780A0083266B /* AppDelegate.swift */; };
		06FC9CC727D4780A0083266B /* SceneDelegate.swift in Sources */ = {isa = PBXBuildFile; fileRef = 06FC9CC627D4780A0083266B /* SceneDelegate.swift */; };
		06FC9CC927D4780A0083266B /* LoanMortgageViewController.swift in Sources */ = {isa = PBXBuildFile; fileRef = 06FC9CC827D4780A0083266B /* LoanMortgageViewController.swift */; };
		06FC9CCC27D4780A0083266B /* Main.storyboard in Resources */ = {isa = PBXBuildFile; fileRef = 06FC9CCA27D4780A0083266B /* Main.storyboard */; };
		06FC9CCE27D4780C0083266B /* Assets.xcassets in Resources */ = {isa = PBXBuildFile; fileRef = 06FC9CCD27D4780C0083266B /* Assets.xcassets */; };
		06FC9CD127D4780C0083266B /* LaunchScreen.storyboard in Resources */ = {isa = PBXBuildFile; fileRef = 06FC9CCF27D4780C0083266B /* LaunchScreen.storyboard */; };
		06FC9CDD27D48C340083266B /* Constants.swift in Sources */ = {isa = PBXBuildFile; fileRef = 06FC9CDC27D48C340083266B /* Constants.swift */; };
/* End PBXBuildFile section */

/* Begin PBXFileReference section */
		062552D427F4711A00A83C00 /* FieldSelectorSheetViewController.swift */ = {isa = PBXFileReference; lastKnownFileType = sourcecode.swift; path = FieldSelectorSheetViewController.swift; sourceTree = "<group>"; };
		0630097027E0A9EB0044A688 /* .swiftlint.yml */ = {isa = PBXFileReference; lastKnownFileType = text.yaml; path = .swiftlint.yml; sourceTree = "<group>"; };
		064B8D6827DE7F9400AE4DD5 /* SimpleSavings.swift */ = {isa = PBXFileReference; lastKnownFileType = sourcecode.swift; path = SimpleSavings.swift; sourceTree = "<group>"; };
		068379FE27D9FD210012D45A /* UIViewController+Extensions.swift */ = {isa = PBXFileReference; lastKnownFileType = sourcecode.swift; path = "UIViewController+Extensions.swift"; sourceTree = "<group>"; };
		06837A0127DA2D820012D45A /* Payable.swift */ = {isa = PBXFileReference; lastKnownFileType = sourcecode.swift; path = Payable.swift; sourceTree = "<group>"; };
		06837A0527DA31650012D45A /* Savings.swift */ = {isa = PBXFileReference; lastKnownFileType = sourcecode.swift; path = Savings.swift; sourceTree = "<group>"; };
		06837A0727DA32350012D45A /* CompoundSavings.swift */ = {isa = PBXFileReference; lastKnownFileType = sourcecode.swift; path = CompoundSavings.swift; sourceTree = "<group>"; };
		06837A0927DA359C0012D45A /* FormulaTests.playground */ = {isa = PBXFileReference; lastKnownFileType = file.playground; path = FormulaTests.playground; sourceTree = "<group>"; xcLanguageSpecificationIdentifier = xcode.lang.swift; };
		068CC57C27F1804300C6D9B7 /* UserDefaults+Extensions.swift */ = {isa = PBXFileReference; lastKnownFileType = sourcecode.swift; path = "UserDefaults+Extensions.swift"; sourceTree = "<group>"; };
		069171AC27D78CA70071ECE3 /* SavingsViewController.swift */ = {isa = PBXFileReference; lastKnownFileType = sourcecode.swift; path = SavingsViewController.swift; sourceTree = "<group>"; };
		069171AE27D78CF20071ECE3 /* CompoundInterestViewController.swift */ = {isa = PBXFileReference; lastKnownFileType = sourcecode.swift; path = CompoundInterestViewController.swift; sourceTree = "<group>"; };
		06BA20FC27EC25EC004EAE19 /* SimpleSavingsViewModel.swift */ = {isa = PBXFileReference; lastKnownFileType = sourcecode.swift; path = SimpleSavingsViewModel.swift; sourceTree = "<group>"; };
		06BA20FE27EC3C23004EAE19 /* ValidationResult.swift */ = {isa = PBXFileReference; lastKnownFileType = sourcecode.swift; path = ValidationResult.swift; sourceTree = "<group>"; };
		06E0449B27DAFEF7007CBA8C /* Double+Extensions.swift */ = {isa = PBXFileReference; lastKnownFileType = sourcecode.swift; path = "Double+Extensions.swift"; sourceTree = "<group>"; };
		06E0449D27DB0235007CBA8C /* Decimal+Extensions.swift */ = {isa = PBXFileReference; lastKnownFileType = sourcecode.swift; path = "Decimal+Extensions.swift"; sourceTree = "<group>"; };
		06E0449F27DB412C007CBA8C /* UITextField+Extensions.swift */ = {isa = PBXFileReference; lastKnownFileType = sourcecode.swift; path = "UITextField+Extensions.swift"; sourceTree = "<group>"; };
		06FC9CC127D4780A0083266B /* FinCal.app */ = {isa = PBXFileReference; explicitFileType = wrapper.application; includeInIndex = 0; path = FinCal.app; sourceTree = BUILT_PRODUCTS_DIR; };
		06FC9CC427D4780A0083266B /* AppDelegate.swift */ = {isa = PBXFileReference; lastKnownFileType = sourcecode.swift; path = AppDelegate.swift; sourceTree = "<group>"; };
		06FC9CC627D4780A0083266B /* SceneDelegate.swift */ = {isa = PBXFileReference; lastKnownFileType = sourcecode.swift; path = SceneDelegate.swift; sourceTree = "<group>"; };
		06FC9CC827D4780A0083266B /* LoanMortgageViewController.swift */ = {isa = PBXFileReference; lastKnownFileType = sourcecode.swift; path = LoanMortgageViewController.swift; sourceTree = "<group>"; };
		06FC9CCB27D4780A0083266B /* Base */ = {isa = PBXFileReference; lastKnownFileType = file.storyboard; name = Base; path = Base.lproj/Main.storyboard; sourceTree = "<group>"; };
		06FC9CCD27D4780C0083266B /* Assets.xcassets */ = {isa = PBXFileReference; lastKnownFileType = folder.assetcatalog; path = Assets.xcassets; sourceTree = "<group>"; };
		06FC9CD027D4780C0083266B /* Base */ = {isa = PBXFileReference; lastKnownFileType = file.storyboard; name = Base; path = Base.lproj/LaunchScreen.storyboard; sourceTree = "<group>"; };
		06FC9CD227D4780C0083266B /* Info.plist */ = {isa = PBXFileReference; lastKnownFileType = text.plist.xml; path = Info.plist; sourceTree = "<group>"; };
		06FC9CDC27D48C340083266B /* Constants.swift */ = {isa = PBXFileReference; lastKnownFileType = sourcecode.swift; path = Constants.swift; sourceTree = "<group>"; };
/* End PBXFileReference section */

/* Begin PBXFrameworksBuildPhase section */
		06FC9CBE27D4780A0083266B /* Frameworks */ = {
			isa = PBXFrameworksBuildPhase;
			buildActionMask = 2147483647;
			files = (
			);
			runOnlyForDeploymentPostprocessing = 0;
		};
/* End PBXFrameworksBuildPhase section */

/* Begin PBXGroup section */
		068379FD27D9FD0D0012D45A /* Extensions */ = {
			isa = PBXGroup;
			children = (
				068379FE27D9FD210012D45A /* UIViewController+Extensions.swift */,
				06E0449B27DAFEF7007CBA8C /* Double+Extensions.swift */,
				06E0449D27DB0235007CBA8C /* Decimal+Extensions.swift */,
				06E0449F27DB412C007CBA8C /* UITextField+Extensions.swift */,
				068CC57C27F1804300C6D9B7 /* UserDefaults+Extensions.swift */,
			);
			path = Extensions;
			sourceTree = "<group>";
		};
		06837A0027DA2C0A0012D45A /* Protocols */ = {
			isa = PBXGroup;
			children = (
				06837A0127DA2D820012D45A /* Payable.swift */,
				06837A0527DA31650012D45A /* Savings.swift */,
			);
			path = Protocols;
			sourceTree = "<group>";
		};
		069171B027D79A8B0071ECE3 /* Components */ = {
			isa = PBXGroup;
			children = (
			);
			path = Components;
			sourceTree = "<group>";
		};
		06BA20FB27EC25BE004EAE19 /* ViewModels */ = {
			isa = PBXGroup;
			children = (
				06BA20FC27EC25EC004EAE19 /* SimpleSavingsViewModel.swift */,
			);
			path = ViewModels;
			sourceTree = "<group>";
		};
		06BA210027EC3C2B004EAE19 /* Common */ = {
			isa = PBXGroup;
			children = (
				06BA20FE27EC3C23004EAE19 /* ValidationResult.swift */,
			);
			path = Common;
			sourceTree = "<group>";
		};
		06FC9CB827D4780A0083266B = {
			isa = PBXGroup;
			children = (
				0630097027E0A9EB0044A688 /* .swiftlint.yml */,
				06FC9CC327D4780A0083266B /* FinCal */,
				06FC9CC227D4780A0083266B /* Products */,
			);
			sourceTree = "<group>";
		};
		06FC9CC227D4780A0083266B /* Products */ = {
			isa = PBXGroup;
			children = (
				06FC9CC127D4780A0083266B /* FinCal.app */,
			);
			name = Products;
			sourceTree = "<group>";
		};
		06FC9CC327D4780A0083266B /* FinCal */ = {
			isa = PBXGroup;
			children = (
				06BA20FB27EC25BE004EAE19 /* ViewModels */,
				06837A0927DA359C0012D45A /* FormulaTests.playground */,
				068379FD27D9FD0D0012D45A /* Extensions */,
				069171B027D79A8B0071ECE3 /* Components */,
				06FC9CDE27D48D000083266B /* Controllers */,
				06FC9CD927D487700083266B /* Models */,
				06FC9CC427D4780A0083266B /* AppDelegate.swift */,
				06FC9CC627D4780A0083266B /* SceneDelegate.swift */,
				06FC9CCA27D4780A0083266B /* Main.storyboard */,
				06FC9CCD27D4780C0083266B /* Assets.xcassets */,
				06FC9CCF27D4780C0083266B /* LaunchScreen.storyboard */,
				06FC9CD227D4780C0083266B /* Info.plist */,
			);
			path = FinCal;
			sourceTree = "<group>";
		};
		06FC9CD927D487700083266B /* Models */ = {
			isa = PBXGroup;
			children = (
				06837A0027DA2C0A0012D45A /* Protocols */,
				06FC9CDC27D48C340083266B /* Constants.swift */,
				06837A0727DA32350012D45A /* CompoundSavings.swift */,
				064B8D6827DE7F9400AE4DD5 /* SimpleSavings.swift */,
				06BA210027EC3C2B004EAE19 /* Common */,
			);
			path = Models;
			sourceTree = "<group>";
		};
		06FC9CDE27D48D000083266B /* Controllers */ = {
			isa = PBXGroup;
			children = (
				06FC9CC827D4780A0083266B /* LoanMortgageViewController.swift */,
				069171AC27D78CA70071ECE3 /* SavingsViewController.swift */,
				069171AE27D78CF20071ECE3 /* CompoundInterestViewController.swift */,
				062552D427F4711A00A83C00 /* FieldSelectorSheetViewController.swift */,
			);
			path = Controllers;
			sourceTree = "<group>";
		};
/* End PBXGroup section */

/* Begin PBXNativeTarget section */
		06FC9CC027D4780A0083266B /* FinCal */ = {
			isa = PBXNativeTarget;
			buildConfigurationList = 06FC9CD527D4780C0083266B /* Build configuration list for PBXNativeTarget "FinCal" */;
			buildPhases = (
				06FC9CBD27D4780A0083266B /* Sources */,
				06FC9CBE27D4780A0083266B /* Frameworks */,
				06FC9CBF27D4780A0083266B /* Resources */,
			);
			buildRules = (
			);
			dependencies = (
			);
			name = FinCal;
			productName = FinCal;
			productReference = 06FC9CC127D4780A0083266B /* FinCal.app */;
			productType = "com.apple.product-type.application";
		};
/* End PBXNativeTarget section */

/* Begin PBXProject section */
		06FC9CB927D4780A0083266B /* Project object */ = {
			isa = PBXProject;
			attributes = {
				BuildIndependentTargetsInParallel = 1;
				LastSwiftUpdateCheck = 1320;
				LastUpgradeCheck = 1320;
				TargetAttributes = {
					06FC9CC027D4780A0083266B = {
						CreatedOnToolsVersion = 13.2.1;
					};
				};
			};
			buildConfigurationList = 06FC9CBC27D4780A0083266B /* Build configuration list for PBXProject "FinCal" */;
			compatibilityVersion = "Xcode 13.0";
			developmentRegion = en;
			hasScannedForEncodings = 0;
			knownRegions = (
				en,
				Base,
			);
			mainGroup = 06FC9CB827D4780A0083266B;
			productRefGroup = 06FC9CC227D4780A0083266B /* Products */;
			projectDirPath = "";
			projectRoot = "";
			targets = (
				06FC9CC027D4780A0083266B /* FinCal */,
			);
		};
/* End PBXProject section */

/* Begin PBXResourcesBuildPhase section */
		06FC9CBF27D4780A0083266B /* Resources */ = {
			isa = PBXResourcesBuildPhase;
			buildActionMask = 2147483647;
			files = (
				0630097127E0A9EB0044A688 /* .swiftlint.yml in Resources */,
				06FC9CD127D4780C0083266B /* LaunchScreen.storyboard in Resources */,
				06FC9CCE27D4780C0083266B /* Assets.xcassets in Resources */,
				06FC9CCC27D4780A0083266B /* Main.storyboard in Resources */,
			);
			runOnlyForDeploymentPostprocessing = 0;
		};
/* End PBXResourcesBuildPhase section */

/* Begin PBXSourcesBuildPhase section */
		06FC9CBD27D4780A0083266B /* Sources */ = {
			isa = PBXSourcesBuildPhase;
			buildActionMask = 2147483647;
			files = (
				06E044A027DB412C007CBA8C /* UITextField+Extensions.swift in Sources */,
				068CC57D27F1804300C6D9B7 /* UserDefaults+Extensions.swift in Sources */,
				06E0449E27DB0235007CBA8C /* Decimal+Extensions.swift in Sources */,
				06BA20FD27EC25EC004EAE19 /* SimpleSavingsViewModel.swift in Sources */,
				06E0449C27DAFEF7007CBA8C /* Double+Extensions.swift in Sources */,
				06837A0827DA32350012D45A /* CompoundSavings.swift in Sources */,
				06BA20FF27EC3C23004EAE19 /* ValidationResult.swift in Sources */,
				06FC9CC927D4780A0083266B /* LoanMortgageViewController.swift in Sources */,
				069171AD27D78CA70071ECE3 /* SavingsViewController.swift in Sources */,
				06FC9CC527D4780A0083266B /* AppDelegate.swift in Sources */,
				06837A0627DA31660012D45A /* Savings.swift in Sources */,
				068379FF27D9FD210012D45A /* UIViewController+Extensions.swift in Sources */,
				062552D527F4711A00A83C00 /* FieldSelectorSheetViewController.swift in Sources */,
				06FC9CC727D4780A0083266B /* SceneDelegate.swift in Sources */,
				06FC9CDD27D48C340083266B /* Constants.swift in Sources */,
				06837A0227DA2D820012D45A /* Payable.swift in Sources */,
				069171AF27D78CF20071ECE3 /* CompoundInterestViewController.swift in Sources */,
				064B8D6927DE7F9400AE4DD5 /* SimpleSavings.swift in Sources */,
			);
			runOnlyForDeploymentPostprocessing = 0;
		};
/* End PBXSourcesBuildPhase section */

/* Begin PBXVariantGroup section */
		06FC9CCA27D4780A0083266B /* Main.storyboard */ = {
			isa = PBXVariantGroup;
			children = (
				06FC9CCB27D4780A0083266B /* Base */,
			);
			name = Main.storyboard;
			sourceTree = "<group>";
		};
		06FC9CCF27D4780C0083266B /* LaunchScreen.storyboard */ = {
			isa = PBXVariantGroup;
			children = (
				06FC9CD027D4780C0083266B /* Base */,
			);
			name = LaunchScreen.storyboard;
			sourceTree = "<group>";
		};
/* End PBXVariantGroup section */

/* Begin XCBuildConfiguration section */
		06FC9CD327D4780C0083266B /* Debug */ = {
			isa = XCBuildConfiguration;
			buildSettings = {
				ALWAYS_SEARCH_USER_PATHS = NO;
				CLANG_ANALYZER_NONNULL = YES;
				CLANG_ANALYZER_NUMBER_OBJECT_CONVERSION = YES_AGGRESSIVE;
				CLANG_CXX_LANGUAGE_STANDARD = "gnu++17";
				CLANG_CXX_LIBRARY = "libc++";
				CLANG_ENABLE_MODULES = YES;
				CLANG_ENABLE_OBJC_ARC = YES;
				CLANG_ENABLE_OBJC_WEAK = YES;
				CLANG_WARN_BLOCK_CAPTURE_AUTORELEASING = YES;
				CLANG_WARN_BOOL_CONVERSION = YES;
				CLANG_WARN_COMMA = YES;
				CLANG_WARN_CONSTANT_CONVERSION = YES;
				CLANG_WARN_DEPRECATED_OBJC_IMPLEMENTATIONS = YES;
				CLANG_WARN_DIRECT_OBJC_ISA_USAGE = YES_ERROR;
				CLANG_WARN_DOCUMENTATION_COMMENTS = YES;
				CLANG_WARN_EMPTY_BODY = YES;
				CLANG_WARN_ENUM_CONVERSION = YES;
				CLANG_WARN_INFINITE_RECURSION = YES;
				CLANG_WARN_INT_CONVERSION = YES;
				CLANG_WARN_NON_LITERAL_NULL_CONVERSION = YES;
				CLANG_WARN_OBJC_IMPLICIT_RETAIN_SELF = YES;
				CLANG_WARN_OBJC_LITERAL_CONVERSION = YES;
				CLANG_WARN_OBJC_ROOT_CLASS = YES_ERROR;
				CLANG_WARN_QUOTED_INCLUDE_IN_FRAMEWORK_HEADER = YES;
				CLANG_WARN_RANGE_LOOP_ANALYSIS = YES;
				CLANG_WARN_STRICT_PROTOTYPES = YES;
				CLANG_WARN_SUSPICIOUS_MOVE = YES;
				CLANG_WARN_UNGUARDED_AVAILABILITY = YES_AGGRESSIVE;
				CLANG_WARN_UNREACHABLE_CODE = YES;
				CLANG_WARN__DUPLICATE_METHOD_MATCH = YES;
				COPY_PHASE_STRIP = NO;
				DEBUG_INFORMATION_FORMAT = dwarf;
				ENABLE_STRICT_OBJC_MSGSEND = YES;
				ENABLE_TESTABILITY = YES;
				GCC_C_LANGUAGE_STANDARD = gnu11;
				GCC_DYNAMIC_NO_PIC = NO;
				GCC_NO_COMMON_BLOCKS = YES;
				GCC_OPTIMIZATION_LEVEL = 0;
				GCC_PREPROCESSOR_DEFINITIONS = (
					"DEBUG=1",
					"$(inherited)",
				);
				GCC_WARN_64_TO_32_BIT_CONVERSION = YES;
				GCC_WARN_ABOUT_RETURN_TYPE = YES_ERROR;
				GCC_WARN_UNDECLARED_SELECTOR = YES;
				GCC_WARN_UNINITIALIZED_AUTOS = YES_AGGRESSIVE;
				GCC_WARN_UNUSED_FUNCTION = YES;
				GCC_WARN_UNUSED_VARIABLE = YES;
				IPHONEOS_DEPLOYMENT_TARGET = 15.2;
				MTL_ENABLE_DEBUG_INFO = INCLUDE_SOURCE;
				MTL_FAST_MATH = YES;
				ONLY_ACTIVE_ARCH = YES;
				SDKROOT = iphoneos;
				SWIFT_ACTIVE_COMPILATION_CONDITIONS = DEBUG;
				SWIFT_OPTIMIZATION_LEVEL = "-Onone";
			};
			name = Debug;
		};
		06FC9CD427D4780C0083266B /* Release */ = {
			isa = XCBuildConfiguration;
			buildSettings = {
				ALWAYS_SEARCH_USER_PATHS = NO;
				CLANG_ANALYZER_NONNULL = YES;
				CLANG_ANALYZER_NUMBER_OBJECT_CONVERSION = YES_AGGRESSIVE;
				CLANG_CXX_LANGUAGE_STANDARD = "gnu++17";
				CLANG_CXX_LIBRARY = "libc++";
				CLANG_ENABLE_MODULES = YES;
				CLANG_ENABLE_OBJC_ARC = YES;
				CLANG_ENABLE_OBJC_WEAK = YES;
				CLANG_WARN_BLOCK_CAPTURE_AUTORELEASING = YES;
				CLANG_WARN_BOOL_CONVERSION = YES;
				CLANG_WARN_COMMA = YES;
				CLANG_WARN_CONSTANT_CONVERSION = YES;
				CLANG_WARN_DEPRECATED_OBJC_IMPLEMENTATIONS = YES;
				CLANG_WARN_DIRECT_OBJC_ISA_USAGE = YES_ERROR;
				CLANG_WARN_DOCUMENTATION_COMMENTS = YES;
				CLANG_WARN_EMPTY_BODY = YES;
				CLANG_WARN_ENUM_CONVERSION = YES;
				CLANG_WARN_INFINITE_RECURSION = YES;
				CLANG_WARN_INT_CONVERSION = YES;
				CLANG_WARN_NON_LITERAL_NULL_CONVERSION = YES;
				CLANG_WARN_OBJC_IMPLICIT_RETAIN_SELF = YES;
				CLANG_WARN_OBJC_LITERAL_CONVERSION = YES;
				CLANG_WARN_OBJC_ROOT_CLASS = YES_ERROR;
				CLANG_WARN_QUOTED_INCLUDE_IN_FRAMEWORK_HEADER = YES;
				CLANG_WARN_RANGE_LOOP_ANALYSIS = YES;
				CLANG_WARN_STRICT_PROTOTYPES = YES;
				CLANG_WARN_SUSPICIOUS_MOVE = YES;
				CLANG_WARN_UNGUARDED_AVAILABILITY = YES_AGGRESSIVE;
				CLANG_WARN_UNREACHABLE_CODE = YES;
				CLANG_WARN__DUPLICATE_METHOD_MATCH = YES;
				COPY_PHASE_STRIP = NO;
				DEBUG_INFORMATION_FORMAT = "dwarf-with-dsym";
				ENABLE_NS_ASSERTIONS = NO;
				ENABLE_STRICT_OBJC_MSGSEND = YES;
				GCC_C_LANGUAGE_STANDARD = gnu11;
				GCC_NO_COMMON_BLOCKS = YES;
				GCC_WARN_64_TO_32_BIT_CONVERSION = YES;
				GCC_WARN_ABOUT_RETURN_TYPE = YES_ERROR;
				GCC_WARN_UNDECLARED_SELECTOR = YES;
				GCC_WARN_UNINITIALIZED_AUTOS = YES_AGGRESSIVE;
				GCC_WARN_UNUSED_FUNCTION = YES;
				GCC_WARN_UNUSED_VARIABLE = YES;
				IPHONEOS_DEPLOYMENT_TARGET = 15.2;
				MTL_ENABLE_DEBUG_INFO = NO;
				MTL_FAST_MATH = YES;
				SDKROOT = iphoneos;
				SWIFT_COMPILATION_MODE = wholemodule;
				SWIFT_OPTIMIZATION_LEVEL = "-O";
				VALIDATE_PRODUCT = YES;
			};
			name = Release;
		};
		06FC9CD627D4780C0083266B /* Debug */ = {
			isa = XCBuildConfiguration;
			buildSettings = {
				ASSETCATALOG_COMPILER_APPICON_NAME = AppIcon;
				ASSETCATALOG_COMPILER_GLOBAL_ACCENT_COLOR_NAME = AccentColor;
				CODE_SIGN_STYLE = Automatic;
				CURRENT_PROJECT_VERSION = 1;
				DEVELOPMENT_TEAM = FS9F8J6R6P;
				GENERATE_INFOPLIST_FILE = YES;
				INFOPLIST_FILE = FinCal/Info.plist;
				INFOPLIST_KEY_UIApplicationSupportsIndirectInputEvents = YES;
				INFOPLIST_KEY_UILaunchStoryboardName = LaunchScreen;
				INFOPLIST_KEY_UIMainStoryboardFile = Main;
				INFOPLIST_KEY_UISupportedInterfaceOrientations = UIInterfaceOrientationPortrait;
				INFOPLIST_KEY_UISupportedInterfaceOrientations_iPad = "UIInterfaceOrientationPortrait UIInterfaceOrientationPortraitUpsideDown UIInterfaceOrientationLandscapeLeft UIInterfaceOrientationLandscapeRight";
				INFOPLIST_KEY_UISupportedInterfaceOrientations_iPhone = "UIInterfaceOrientationPortrait UIInterfaceOrientationLandscapeLeft UIInterfaceOrientationLandscapeRight";
				LD_RUNPATH_SEARCH_PATHS = (
					"$(inherited)",
					"@executable_path/Frameworks",
				);
				MARKETING_VERSION = 1.0;
				PRODUCT_BUNDLE_IDENTIFIER = com.ryank.fincal;
				PRODUCT_NAME = "$(TARGET_NAME)";
				SWIFT_EMIT_LOC_STRINGS = YES;
				SWIFT_VERSION = 5.0;
				TARGETED_DEVICE_FAMILY = 1;
			};
			name = Debug;
		};
		06FC9CD727D4780C0083266B /* Release */ = {
			isa = XCBuildConfiguration;
			buildSettings = {
				ASSETCATALOG_COMPILER_APPICON_NAME = AppIcon;
				ASSETCATALOG_COMPILER_GLOBAL_ACCENT_COLOR_NAME = AccentColor;
				CODE_SIGN_STYLE = Automatic;
				CURRENT_PROJECT_VERSION = 1;
				DEVELOPMENT_TEAM = FS9F8J6R6P;
				GENERATE_INFOPLIST_FILE = YES;
				INFOPLIST_FILE = FinCal/Info.plist;
				INFOPLIST_KEY_UIApplicationSupportsIndirectInputEvents = YES;
				INFOPLIST_KEY_UILaunchStoryboardName = LaunchScreen;
				INFOPLIST_KEY_UIMainStoryboardFile = Main;
				INFOPLIST_KEY_UISupportedInterfaceOrientations = UIInterfaceOrientationPortrait;
				INFOPLIST_KEY_UISupportedInterfaceOrientations_iPad = "UIInterfaceOrientationPortrait UIInterfaceOrientationPortraitUpsideDown UIInterfaceOrientationLandscapeLeft UIInterfaceOrientationLandscapeRight";
				INFOPLIST_KEY_UISupportedInterfaceOrientations_iPhone = "UIInterfaceOrientationPortrait UIInterfaceOrientationLandscapeLeft UIInterfaceOrientationLandscapeRight";
				LD_RUNPATH_SEARCH_PATHS = (
					"$(inherited)",
					"@executable_path/Frameworks",
				);
				MARKETING_VERSION = 1.0;
				PRODUCT_BUNDLE_IDENTIFIER = com.ryank.fincal;
				PRODUCT_NAME = "$(TARGET_NAME)";
				SWIFT_EMIT_LOC_STRINGS = YES;
				SWIFT_VERSION = 5.0;
				TARGETED_DEVICE_FAMILY = 1;
			};
			name = Release;
		};
/* End XCBuildConfiguration section */

/* Begin XCConfigurationList section */
		06FC9CBC27D4780A0083266B /* Build configuration list for PBXProject "FinCal" */ = {
			isa = XCConfigurationList;
			buildConfigurations = (
				06FC9CD327D4780C0083266B /* Debug */,
				06FC9CD427D4780C0083266B /* Release */,
			);
			defaultConfigurationIsVisible = 0;
			defaultConfigurationName = Release;
		};
		06FC9CD527D4780C0083266B /* Build configuration list for PBXNativeTarget "FinCal" */ = {
			isa = XCConfigurationList;
			buildConfigurations = (
				06FC9CD627D4780C0083266B /* Debug */,
				06FC9CD727D4780C0083266B /* Release */,
			);
			defaultConfigurationIsVisible = 0;
			defaultConfigurationName = Release;
		};
/* End XCConfigurationList section */
	};
	rootObject = 06FC9CB927D4780A0083266B /* Project object */;
}
